
Microsoft Visual Studio Solution File, Format Version 12.00
# Visual Studio Version 17
VisualStudioVersion = 17.0.32126.317
MinimumVisualStudioVersion = 10.0.40219.1
Project("{8BC9CEB8-8B4A-11D0-8D11-00A0C91BC942}") = "flipbyte", "flipbyte\flipbyte.vcxproj", "{4F32A6E3-8583-4930-89FB-8DEE78B85990}"
EndProject
Global
	GlobalSection(SolutionConfigurationPlatforms) = preSolution
		Debug|x64 = Debug|x64
		Debug|x86 = Debug|x86
		Release|x64 = Release|x64
		Release|x86 = Release|x86
	EndGlobalSection
	GlobalSection(ProjectConfigurationPlatforms) = postSolution
		{4F32A6E3-8583-4930-89FB-8DEE78B85990}.Debug|x64.ActiveCfg = Debug|x64
		{4F32A6E3-8583-4930-89FB-8DEE78B85990}.Debug|x64.Build.0 = Debug|x64
		{4F32A6E3-8583-4930-89FB-8DEE78B85990}.Debug|x86.ActiveCfg = Debug|Win32
		{4F32A6E3-8583-4930-89FB-8DEE78B85990}.Debug|x86.Build.0 = Debug|Win32
		{4F32A6E3-8583-4930-89FB-8DEE78B85990}.Release|x64.ActiveCfg = Release|x64
		{4F32A6E3-8583-4930-89FB-8DEE78B85990}.Release|x64.Build.0 = Release|x64
		{4F32A6E3-8583-4930-89FB-8DEE78B85990}.Release|x86.ActiveCfg = Release|Win32
		{4F32A6E3-8583-4930-89FB-8DEE78B85990}.Release|x86.Build.0 = Release|Win32
	EndGlobalSection
	GlobalSection(SolutionProperties) = preSolution
		HideSolutionNode = FALSE
	EndGlobalSection
	GlobalSection(ExtensibilityGlobals) = postSolution
		SolutionGuid = {77F5A29B-E7B4-4C64-B549-77FF7F078EEA}
	EndGlobalSection
EndGlobal
