
Microsoft Visual Studio Solution File, Format Version 12.00
# Visual Studio Version 17
VisualStudioVersion = 17.4.33403.182
MinimumVisualStudioVersion = 10.0.40219.1
Project("{8BC9CEB8-8B4A-11D0-8D11-00A0C91BC942}") = "Vehicle", "Vehicle\Vehicle.vcxproj", "{A3C65CD5-2113-4860-B825-4B7386998C16}"
EndProject
Project("{8BC9CEB8-8B4A-11D0-8D11-00A0C91BC942}") = "VehicleTests", "VehicleTests\VehicleTests.vcxproj", "{8DFA6783-7A3E-4ABB-97C8-5D60C886BF6D}"
EndProject
Global
	GlobalSection(SolutionConfigurationPlatforms) = preSolution
		Debug|x64 = Debug|x64
		Debug|x86 = Debug|x86
		Release|x64 = Release|x64
		Release|x86 = Release|x86
	EndGlobalSection
	GlobalSection(ProjectConfigurationPlatforms) = postSolution
		{A3C65CD5-2113-4860-B825-4B7386998C16}.Debug|x64.ActiveCfg = Debug|x64
		{A3C65CD5-2113-4860-B825-4B7386998C16}.Debug|x64.Build.0 = Debug|x64
		{A3C65CD5-2113-4860-B825-4B7386998C16}.Debug|x86.ActiveCfg = Debug|Win32
		{A3C65CD5-2113-4860-B825-4B7386998C16}.Debug|x86.Build.0 = Debug|Win32
		{A3C65CD5-2113-4860-B825-4B7386998C16}.Release|x64.ActiveCfg = Release|x64
		{A3C65CD5-2113-4860-B825-4B7386998C16}.Release|x64.Build.0 = Release|x64
		{A3C65CD5-2113-4860-B825-4B7386998C16}.Release|x86.ActiveCfg = Release|Win32
		{A3C65CD5-2113-4860-B825-4B7386998C16}.Release|x86.Build.0 = Release|Win32
		{8DFA6783-7A3E-4ABB-97C8-5D60C886BF6D}.Debug|x64.ActiveCfg = Debug|x64
		{8DFA6783-7A3E-4ABB-97C8-5D60C886BF6D}.Debug|x64.Build.0 = Debug|x64
		{8DFA6783-7A3E-4ABB-97C8-5D60C886BF6D}.Debug|x86.ActiveCfg = Debug|Win32
		{8DFA6783-7A3E-4ABB-97C8-5D60C886BF6D}.Debug|x86.Build.0 = Debug|Win32
		{8DFA6783-7A3E-4ABB-97C8-5D60C886BF6D}.Release|x64.ActiveCfg = Release|x64
		{8DFA6783-7A3E-4ABB-97C8-5D60C886BF6D}.Release|x64.Build.0 = Release|x64
		{8DFA6783-7A3E-4ABB-97C8-5D60C886BF6D}.Release|x86.ActiveCfg = Release|Win32
		{8DFA6783-7A3E-4ABB-97C8-5D60C886BF6D}.Release|x86.Build.0 = Release|Win32
	EndGlobalSection
	GlobalSection(SolutionProperties) = preSolution
		HideSolutionNode = FALSE
	EndGlobalSection
	GlobalSection(ExtensibilityGlobals) = postSolution
		SolutionGuid = {CBB24DAE-8496-488A-8D8E-8B9C2DF278D4}
	EndGlobalSection
EndGlobal
